// !$*UTF8*$!
{
	archiveVersion = 1;
	classes = {
	};
	objectVersion = 46;
	objects = {

/* Begin PBXBuildFile section */
		92050FC7192CE5C4004CB85E /* XMLWriter.m in Sources */ = {isa = PBXBuildFile; fileRef = 92050FC6192CE5C4004CB85E /* XMLWriter.m */; settings = {COMPILER_FLAGS = "-fno-objc-arc"; }; };
		924ED2951918D8140023433F /* Foundation.framework in Frameworks */ = {isa = PBXBuildFile; fileRef = 924ED2941918D8140023433F /* Foundation.framework */; };
		924ED2971918D8140023433F /* CoreGraphics.framework in Frameworks */ = {isa = PBXBuildFile; fileRef = 924ED2961918D8140023433F /* CoreGraphics.framework */; };
		924ED2991918D8140023433F /* UIKit.framework in Frameworks */ = {isa = PBXBuildFile; fileRef = 924ED2981918D8140023433F /* UIKit.framework */; };
		924ED2AE1918D8140023433F /* XCTest.framework in Frameworks */ = {isa = PBXBuildFile; fileRef = 924ED2AD1918D8140023433F /* XCTest.framework */; };
		924ED2AF1918D8140023433F /* Foundation.framework in Frameworks */ = {isa = PBXBuildFile; fileRef = 924ED2941918D8140023433F /* Foundation.framework */; };
		924ED2B01918D8140023433F /* UIKit.framework in Frameworks */ = {isa = PBXBuildFile; fileRef = 924ED2981918D8140023433F /* UIKit.framework */; };
		924ED2B81918D8140023433F /* InfoPlist.strings in Resources */ = {isa = PBXBuildFile; fileRef = 924ED2B61918D8140023433F /* InfoPlist.strings */; };
		924ED2BA1918D8140023433F /* RKXMLDictionarySerializationDemoTests.m in Sources */ = {isa = PBXBuildFile; fileRef = 924ED2B91918D8140023433F /* RKXMLDictionarySerializationDemoTests.m */; };
		924ED2CE1918DB270023433F /* InfoPlist.strings in Resources */ = {isa = PBXBuildFile; fileRef = 924ED2C51918DB270023433F /* InfoPlist.strings */; };
		924ED2CF1918DB270023433F /* Images.xcassets in Resources */ = {isa = PBXBuildFile; fileRef = 924ED2C71918DB270023433F /* Images.xcassets */; };
		924ED2D11918DB270023433F /* AppDelegate.m in Sources */ = {isa = PBXBuildFile; fileRef = 924ED2CB1918DB270023433F /* AppDelegate.m */; };
		924ED2D21918DB270023433F /* main.m in Sources */ = {isa = PBXBuildFile; fileRef = 924ED2CC1918DB270023433F /* main.m */; };
		924ED2D41918DB410023433F /* MobileCoreServices.framework in Frameworks */ = {isa = PBXBuildFile; fileRef = 924ED2D31918DB410023433F /* MobileCoreServices.framework */; };
		924ED2D61918DB4A0023433F /* SystemConfiguration.framework in Frameworks */ = {isa = PBXBuildFile; fileRef = 924ED2D51918DB4A0023433F /* SystemConfiguration.framework */; };
		924ED2DA1918DB6D0023433F /* RKXMLDictionarySerialization.m in Sources */ = {isa = PBXBuildFile; fileRef = 924ED2D91918DB6D0023433F /* RKXMLDictionarySerialization.m */; };
		F8AC94A34138428FB83F3F07 /* libPods.a in Frameworks */ = {isa = PBXBuildFile; fileRef = B1ECCE9DCC90493984C776DC /* libPods.a */; };
/* End PBXBuildFile section */

/* Begin PBXContainerItemProxy section */
		924ED2B11918D8140023433F /* PBXContainerItemProxy */ = {
			isa = PBXContainerItemProxy;
			containerPortal = 924ED2891918D8140023433F /* Project object */;
			proxyType = 1;
			remoteGlobalIDString = 924ED2901918D8140023433F;
			remoteInfo = RKXMLDictionarySerializationDemo;
		};
/* End PBXContainerItemProxy section */

/* Begin PBXFileReference section */
		92050FC5192CE5C4004CB85E /* XMLWriter.h */ = {isa = PBXFileReference; fileEncoding = 4; lastKnownFileType = sourcecode.c.h; path = XMLWriter.h; sourceTree = "<group>"; };
		92050FC6192CE5C4004CB85E /* XMLWriter.m */ = {isa = PBXFileReference; fileEncoding = 4; lastKnownFileType = sourcecode.c.objc; path = XMLWriter.m; sourceTree = "<group>"; };
		924ED2911918D8140023433F /* RKXMLDictionarySerializationDemo.app */ = {isa = PBXFileReference; explicitFileType = wrapper.application; includeInIndex = 0; path = RKXMLDictionarySerializationDemo.app; sourceTree = BUILT_PRODUCTS_DIR; };
		924ED2941918D8140023433F /* Foundation.framework */ = {isa = PBXFileReference; lastKnownFileType = wrapper.framework; name = Foundation.framework; path = System/Library/Frameworks/Foundation.framework; sourceTree = SDKROOT; };
		924ED2961918D8140023433F /* CoreGraphics.framework */ = {isa = PBXFileReference; lastKnownFileType = wrapper.framework; name = CoreGraphics.framework; path = System/Library/Frameworks/CoreGraphics.framework; sourceTree = SDKROOT; };
		924ED2981918D8140023433F /* UIKit.framework */ = {isa = PBXFileReference; lastKnownFileType = wrapper.framework; name = UIKit.framework; path = System/Library/Frameworks/UIKit.framework; sourceTree = SDKROOT; };
		924ED2AC1918D8140023433F /* RKXMLDictionarySerializationDemoTests.xctest */ = {isa = PBXFileReference; explicitFileType = wrapper.cfbundle; includeInIndex = 0; path = RKXMLDictionarySerializationDemoTests.xctest; sourceTree = BUILT_PRODUCTS_DIR; };
		924ED2AD1918D8140023433F /* XCTest.framework */ = {isa = PBXFileReference; lastKnownFileType = wrapper.framework; name = XCTest.framework; path = Library/Frameworks/XCTest.framework; sourceTree = DEVELOPER_DIR; };
		924ED2B51918D8140023433F /* RKXMLDictionarySerializationDemoTests-Info.plist */ = {isa = PBXFileReference; lastKnownFileType = text.plist.xml; path = "RKXMLDictionarySerializationDemoTests-Info.plist"; sourceTree = "<group>"; };
		924ED2B71918D8140023433F /* en */ = {isa = PBXFileReference; lastKnownFileType = text.plist.strings; name = en; path = en.lproj/InfoPlist.strings; sourceTree = "<group>"; };
		924ED2B91918D8140023433F /* RKXMLDictionarySerializationDemoTests.m */ = {isa = PBXFileReference; lastKnownFileType = sourcecode.c.objc; path = RKXMLDictionarySerializationDemoTests.m; sourceTree = "<group>"; };
		924ED2C61918DB270023433F /* en */ = {isa = PBXFileReference; lastKnownFileType = text.plist.strings; name = en; path = en.lproj/InfoPlist.strings; sourceTree = "<group>"; };
		924ED2C71918DB270023433F /* Images.xcassets */ = {isa = PBXFileReference; lastKnownFileType = folder.assetcatalog; path = Images.xcassets; sourceTree = "<group>"; };
		924ED2C81918DB270023433F /* RKXMLDictionarySerializationDemo-Info.plist */ = {isa = PBXFileReference; fileEncoding = 4; lastKnownFileType = text.plist.xml; path = "RKXMLDictionarySerializationDemo-Info.plist"; sourceTree = "<group>"; };
		924ED2CA1918DB270023433F /* AppDelegate.h */ = {isa = PBXFileReference; fileEncoding = 4; lastKnownFileType = sourcecode.c.h; path = AppDelegate.h; sourceTree = "<group>"; };
		924ED2CB1918DB270023433F /* AppDelegate.m */ = {isa = PBXFileReference; fileEncoding = 4; lastKnownFileType = sourcecode.c.objc; path = AppDelegate.m; sourceTree = "<group>"; };
		924ED2CC1918DB270023433F /* main.m */ = {isa = PBXFileReference; fileEncoding = 4; lastKnownFileType = sourcecode.c.objc; path = main.m; sourceTree = "<group>"; };
		924ED2CD1918DB270023433F /* RKXMLDictionarySerializationDemo-Prefix.pch */ = {isa = PBXFileReference; fileEncoding = 4; lastKnownFileType = sourcecode.c.h; path = "RKXMLDictionarySerializationDemo-Prefix.pch"; sourceTree = "<group>"; };
		924ED2D31918DB410023433F /* MobileCoreServices.framework */ = {isa = PBXFileReference; lastKnownFileType = wrapper.framework; name = MobileCoreServices.framework; path = System/Library/Frameworks/MobileCoreServices.framework; sourceTree = SDKROOT; };
		924ED2D51918DB4A0023433F /* SystemConfiguration.framework */ = {isa = PBXFileReference; lastKnownFileType = wrapper.framework; name = SystemConfiguration.framework; path = System/Library/Frameworks/SystemConfiguration.framework; sourceTree = SDKROOT; };
		924ED2D81918DB6D0023433F /* RKXMLDictionarySerialization.h */ = {isa = PBXFileReference; fileEncoding = 4; lastKnownFileType = sourcecode.c.h; path = RKXMLDictionarySerialization.h; sourceTree = "<group>"; };
		924ED2D91918DB6D0023433F /* RKXMLDictionarySerialization.m */ = {isa = PBXFileReference; fileEncoding = 4; lastKnownFileType = sourcecode.c.objc; path = RKXMLDictionarySerialization.m; sourceTree = "<group>"; };
		B1ECCE9DCC90493984C776DC /* libPods.a */ = {isa = PBXFileReference; explicitFileType = archive.ar; includeInIndex = 0; path = libPods.a; sourceTree = BUILT_PRODUCTS_DIR; };
		FFF4BEB2B62C46A89E5963AF /* Pods.xcconfig */ = {isa = PBXFileReference; includeInIndex = 1; lastKnownFileType = text.xcconfig; name = Pods.xcconfig; path = Pods/Pods.xcconfig; sourceTree = "<group>"; };
/* End PBXFileReference section */

/* Begin PBXFrameworksBuildPhase section */
		924ED28E1918D8140023433F /* Frameworks */ = {
			isa = PBXFrameworksBuildPhase;
			buildActionMask = 2147483647;
			files = (
				924ED2D61918DB4A0023433F /* SystemConfiguration.framework in Frameworks */,
				924ED2D41918DB410023433F /* MobileCoreServices.framework in Frameworks */,
				924ED2971918D8140023433F /* CoreGraphics.framework in Frameworks */,
				924ED2991918D8140023433F /* UIKit.framework in Frameworks */,
				924ED2951918D8140023433F /* Foundation.framework in Frameworks */,
				F8AC94A34138428FB83F3F07 /* libPods.a in Frameworks */,
			);
			runOnlyForDeploymentPostprocessing = 0;
		};
		924ED2A91918D8140023433F /* Frameworks */ = {
			isa = PBXFrameworksBuildPhase;
			buildActionMask = 2147483647;
			files = (
				924ED2AE1918D8140023433F /* XCTest.framework in Frameworks */,
				924ED2B01918D8140023433F /* UIKit.framework in Frameworks */,
				924ED2AF1918D8140023433F /* Foundation.framework in Frameworks */,
			);
			runOnlyForDeploymentPostprocessing = 0;
		};
/* End PBXFrameworksBuildPhase section */

/* Begin PBXGroup section */
		92050FC4192CE5C4004CB85E /* Core-no-arc */ = {
			isa = PBXGroup;
			children = (
				92050FC5192CE5C4004CB85E /* XMLWriter.h */,
				92050FC6192CE5C4004CB85E /* XMLWriter.m */,
			);
			name = "Core-no-arc";
			path = "../Core-no-arc";
			sourceTree = "<group>";
		};
		924ED2881918D8140023433F = {
			isa = PBXGroup;
			children = (
				92050FC4192CE5C4004CB85E /* Core-no-arc */,
				924ED2D71918DB6D0023433F /* Core */,
				924ED2C31918DB270023433F /* RKXMLDictionarySerializationDemo */,
				924ED2B31918D8140023433F /* RKXMLDictionarySerializationDemoTests */,
				924ED2931918D8140023433F /* Frameworks */,
				924ED2921918D8140023433F /* Products */,
				FFF4BEB2B62C46A89E5963AF /* Pods.xcconfig */,
			);
			sourceTree = "<group>";
		};
		924ED2921918D8140023433F /* Products */ = {
			isa = PBXGroup;
			children = (
				924ED2911918D8140023433F /* RKXMLDictionarySerializationDemo.app */,
				924ED2AC1918D8140023433F /* RKXMLDictionarySerializationDemoTests.xctest */,
			);
			name = Products;
			sourceTree = "<group>";
		};
		924ED2931918D8140023433F /* Frameworks */ = {
			isa = PBXGroup;
			children = (
				924ED2D51918DB4A0023433F /* SystemConfiguration.framework */,
				924ED2D31918DB410023433F /* MobileCoreServices.framework */,
				924ED2941918D8140023433F /* Foundation.framework */,
				924ED2961918D8140023433F /* CoreGraphics.framework */,
				924ED2981918D8140023433F /* UIKit.framework */,
				924ED2AD1918D8140023433F /* XCTest.framework */,
				B1ECCE9DCC90493984C776DC /* libPods.a */,
			);
			name = Frameworks;
			sourceTree = "<group>";
		};
		924ED2B31918D8140023433F /* RKXMLDictionarySerializationDemoTests */ = {
			isa = PBXGroup;
			children = (
				924ED2B91918D8140023433F /* RKXMLDictionarySerializationDemoTests.m */,
				924ED2B41918D8140023433F /* Supporting Files */,
			);
			path = RKXMLDictionarySerializationDemoTests;
			sourceTree = "<group>";
		};
		924ED2B41918D8140023433F /* Supporting Files */ = {
			isa = PBXGroup;
			children = (
				924ED2B51918D8140023433F /* RKXMLDictionarySerializationDemoTests-Info.plist */,
				924ED2B61918D8140023433F /* InfoPlist.strings */,
			);
			name = "Supporting Files";
			sourceTree = "<group>";
		};
		924ED2C31918DB270023433F /* RKXMLDictionarySerializationDemo */ = {
			isa = PBXGroup;
			children = (
				924ED2C41918DB270023433F /* Resources */,
				924ED2C91918DB270023433F /* Source */,
			);
			path = RKXMLDictionarySerializationDemo;
			sourceTree = "<group>";
		};
		924ED2C41918DB270023433F /* Resources */ = {
			isa = PBXGroup;
			children = (
				924ED2C51918DB270023433F /* InfoPlist.strings */,
				924ED2C71918DB270023433F /* Images.xcassets */,
				924ED2C81918DB270023433F /* RKXMLDictionarySerializationDemo-Info.plist */,
			);
			path = Resources;
			sourceTree = "<group>";
		};
		924ED2C91918DB270023433F /* Source */ = {
			isa = PBXGroup;
			children = (
				924ED2CA1918DB270023433F /* AppDelegate.h */,
				924ED2CB1918DB270023433F /* AppDelegate.m */,
				924ED2CC1918DB270023433F /* main.m */,
				924ED2CD1918DB270023433F /* RKXMLDictionarySerializationDemo-Prefix.pch */,
			);
			path = Source;
			sourceTree = "<group>";
		};
		924ED2D71918DB6D0023433F /* Core */ = {
			isa = PBXGroup;
			children = (
				924ED2D81918DB6D0023433F /* RKXMLDictionarySerialization.h */,
				924ED2D91918DB6D0023433F /* RKXMLDictionarySerialization.m */,
			);
			name = Core;
			path = ../Core;
			sourceTree = "<group>";
		};
/* End PBXGroup section */

/* Begin PBXNativeTarget section */
		924ED2901918D8140023433F /* RKXMLDictionarySerializationDemo */ = {
			isa = PBXNativeTarget;
			buildConfigurationList = 924ED2BD1918D8140023433F /* Build configuration list for PBXNativeTarget "RKXMLDictionarySerializationDemo" */;
			buildPhases = (
				2EBECD3755EA42CB8824DC07 /* Check Pods Manifest.lock */,
				924ED28D1918D8140023433F /* Sources */,
				924ED28E1918D8140023433F /* Frameworks */,
				924ED28F1918D8140023433F /* Resources */,
				1A307926BCB944CBB6F83C9E /* Copy Pods Resources */,
			);
			buildRules = (
			);
			dependencies = (
			);
			name = RKXMLDictionarySerializationDemo;
			productName = RKXMLDictionarySerializationDemo;
			productReference = 924ED2911918D8140023433F /* RKXMLDictionarySerializationDemo.app */;
			productType = "com.apple.product-type.application";
		};
		924ED2AB1918D8140023433F /* RKXMLDictionarySerializationDemoTests */ = {
			isa = PBXNativeTarget;
			buildConfigurationList = 924ED2C01918D8140023433F /* Build configuration list for PBXNativeTarget "RKXMLDictionarySerializationDemoTests" */;
			buildPhases = (
				924ED2A81918D8140023433F /* Sources */,
				924ED2A91918D8140023433F /* Frameworks */,
				924ED2AA1918D8140023433F /* Resources */,
			);
			buildRules = (
			);
			dependencies = (
				924ED2B21918D8140023433F /* PBXTargetDependency */,
			);
			name = RKXMLDictionarySerializationDemoTests;
			productName = RKXMLDictionarySerializationDemoTests;
			productReference = 924ED2AC1918D8140023433F /* RKXMLDictionarySerializationDemoTests.xctest */;
			productType = "com.apple.product-type.bundle.unit-test";
		};
/* End PBXNativeTarget section */

/* Begin PBXProject section */
		924ED2891918D8140023433F /* Project object */ = {
			isa = PBXProject;
			attributes = {
				LastUpgradeCheck = 0510;
				ORGANIZATIONNAME = DZamataev;
				TargetAttributes = {
					924ED2AB1918D8140023433F = {
						TestTargetID = 924ED2901918D8140023433F;
					};
				};
			};
			buildConfigurationList = 924ED28C1918D8140023433F /* Build configuration list for PBXProject "RKXMLDictionarySerializationDemo" */;
			compatibilityVersion = "Xcode 3.2";
			developmentRegion = English;
			hasScannedForEncodings = 0;
			knownRegions = (
				en,
			);
			mainGroup = 924ED2881918D8140023433F;
			productRefGroup = 924ED2921918D8140023433F /* Products */;
			projectDirPath = "";
			projectRoot = "";
			targets = (
				924ED2901918D8140023433F /* RKXMLDictionarySerializationDemo */,
				924ED2AB1918D8140023433F /* RKXMLDictionarySerializationDemoTests */,
			);
		};
/* End PBXProject section */

/* Begin PBXResourcesBuildPhase section */
		924ED28F1918D8140023433F /* Resources */ = {
			isa = PBXResourcesBuildPhase;
			buildActionMask = 2147483647;
			files = (
				924ED2CE1918DB270023433F /* InfoPlist.strings in Resources */,
				924ED2CF1918DB270023433F /* Images.xcassets in Resources */,
			);
			runOnlyForDeploymentPostprocessing = 0;
		};
		924ED2AA1918D8140023433F /* Resources */ = {
			isa = PBXResourcesBuildPhase;
			buildActionMask = 2147483647;
			files = (
				924ED2B81918D8140023433F /* InfoPlist.strings in Resources */,
			);
			runOnlyForDeploymentPostprocessing = 0;
		};
/* End PBXResourcesBuildPhase section */

/* Begin PBXShellScriptBuildPhase section */
		1A307926BCB944CBB6F83C9E /* Copy Pods Resources */ = {
			isa = PBXShellScriptBuildPhase;
			buildActionMask = 2147483647;
			files = (
			);
			inputPaths = (
			);
			name = "Copy Pods Resources";
			outputPaths = (
			);
			runOnlyForDeploymentPostprocessing = 0;
			shellPath = /bin/sh;
			shellScript = "\"${SRCROOT}/Pods/Pods-resources.sh\"\n";
			showEnvVarsInLog = 0;
		};
		2EBECD3755EA42CB8824DC07 /* Check Pods Manifest.lock */ = {
			isa = PBXShellScriptBuildPhase;
			buildActionMask = 2147483647;
			files = (
			);
			inputPaths = (
			);
			name = "Check Pods Manifest.lock";
			outputPaths = (
			);
			runOnlyForDeploymentPostprocessing = 0;
			shellPath = /bin/sh;
			shellScript = "diff \"${PODS_ROOT}/../Podfile.lock\" \"${PODS_ROOT}/Manifest.lock\" > /dev/null\nif [[ $? != 0 ]] ; then\n    cat << EOM\nerror: The sandbox is not in sync with the Podfile.lock. Run 'pod install' or update your CocoaPods installation.\nEOM\n    exit 1\nfi\n";
			showEnvVarsInLog = 0;
		};
/* End PBXShellScriptBuildPhase section */

/* Begin PBXSourcesBuildPhase section */
		924ED28D1918D8140023433F /* Sources */ = {
			isa = PBXSourcesBuildPhase;
			buildActionMask = 2147483647;
			files = (
				92050FC7192CE5C4004CB85E /* XMLWriter.m in Sources */,
				924ED2DA1918DB6D0023433F /* RKXMLDictionarySerialization.m in Sources */,
				924ED2D21918DB270023433F /* main.m in Sources */,
				924ED2D11918DB270023433F /* AppDelegate.m in Sources */,
			);
			runOnlyForDeploymentPostprocessing = 0;
		};
		924ED2A81918D8140023433F /* Sources */ = {
			isa = PBXSourcesBuildPhase;
			buildActionMask = 2147483647;
			files = (
				924ED2BA1918D8140023433F /* RKXMLDictionarySerializationDemoTests.m in Sources */,
			);
			runOnlyForDeploymentPostprocessing = 0;
		};
/* End PBXSourcesBuildPhase section */

/* Begin PBXTargetDependency section */
		924ED2B21918D8140023433F /* PBXTargetDependency */ = {
			isa = PBXTargetDependency;
			target = 924ED2901918D8140023433F /* RKXMLDictionarySerializationDemo */;
			targetProxy = 924ED2B11918D8140023433F /* PBXContainerItemProxy */;
		};
/* End PBXTargetDependency section */

/* Begin PBXVariantGroup section */
		924ED2B61918D8140023433F /* InfoPlist.strings */ = {
			isa = PBXVariantGroup;
			children = (
				924ED2B71918D8140023433F /* en */,
			);
			name = InfoPlist.strings;
			sourceTree = "<group>";
		};
		924ED2C51918DB270023433F /* InfoPlist.strings */ = {
			isa = PBXVariantGroup;
			children = (
				924ED2C61918DB270023433F /* en */,
			);
			name = InfoPlist.strings;
			sourceTree = "<group>";
		};
/* End PBXVariantGroup section */

/* Begin XCBuildConfiguration section */
		924ED2BB1918D8140023433F /* Debug */ = {
			isa = XCBuildConfiguration;
			buildSettings = {
				ALWAYS_SEARCH_USER_PATHS = NO;
				CLANG_CXX_LANGUAGE_STANDARD = "gnu++0x";
				CLANG_CXX_LIBRARY = "libc++";
				CLANG_ENABLE_MODULES = YES;
				CLANG_ENABLE_OBJC_ARC = YES;
				CLANG_WARN_BOOL_CONVERSION = YES;
				CLANG_WARN_CONSTANT_CONVERSION = YES;
				CLANG_WARN_DIRECT_OBJC_ISA_USAGE = YES_ERROR;
				CLANG_WARN_EMPTY_BODY = YES;
				CLANG_WARN_ENUM_CONVERSION = YES;
				CLANG_WARN_INT_CONVERSION = YES;
				CLANG_WARN_OBJC_ROOT_CLASS = YES_ERROR;
				CLANG_WARN__DUPLICATE_METHOD_MATCH = YES;
				"CODE_SIGN_IDENTITY[sdk=iphoneos*]" = "iPhone Developer";
				COPY_PHASE_STRIP = NO;
				GCC_C_LANGUAGE_STANDARD = gnu99;
				GCC_DYNAMIC_NO_PIC = NO;
				GCC_OPTIMIZATION_LEVEL = 0;
				GCC_PREPROCESSOR_DEFINITIONS = (
					"DEBUG=1",
					"$(inherited)",
				);
				GCC_SYMBOLS_PRIVATE_EXTERN = NO;
				GCC_WARN_64_TO_32_BIT_CONVERSION = YES;
				GCC_WARN_ABOUT_RETURN_TYPE = YES_ERROR;
				GCC_WARN_UNDECLARED_SELECTOR = YES;
				GCC_WARN_UNINITIALIZED_AUTOS = YES_AGGRESSIVE;
				GCC_WARN_UNUSED_FUNCTION = YES;
				GCC_WARN_UNUSED_VARIABLE = YES;
				IPHONEOS_DEPLOYMENT_TARGET = 7.1;
				ONLY_ACTIVE_ARCH = YES;
				SDKROOT = iphoneos;
			};
			name = Debug;
		};
		924ED2BC1918D8140023433F /* Release */ = {
			isa = XCBuildConfiguration;
			buildSettings = {
				ALWAYS_SEARCH_USER_PATHS = NO;
				CLANG_CXX_LANGUAGE_STANDARD = "gnu++0x";
				CLANG_CXX_LIBRARY = "libc++";
				CLANG_ENABLE_MODULES = YES;
				CLANG_ENABLE_OBJC_ARC = YES;
				CLANG_WARN_BOOL_CONVERSION = YES;
				CLANG_WARN_CONSTANT_CONVERSION = YES;
				CLANG_WARN_DIRECT_OBJC_ISA_USAGE = YES_ERROR;
				CLANG_WARN_EMPTY_BODY = YES;
				CLANG_WARN_ENUM_CONVERSION = YES;
				CLANG_WARN_INT_CONVERSION = YES;
				CLANG_WARN_OBJC_ROOT_CLASS = YES_ERROR;
				CLANG_WARN__DUPLICATE_METHOD_MATCH = YES;
				"CODE_SIGN_IDENTITY[sdk=iphoneos*]" = "iPhone Developer";
				COPY_PHASE_STRIP = YES;
				ENABLE_NS_ASSERTIONS = NO;
				GCC_C_LANGUAGE_STANDARD = gnu99;
				GCC_WARN_64_TO_32_BIT_CONVERSION = YES;
				GCC_WARN_ABOUT_RETURN_TYPE = YES_ERROR;
				GCC_WARN_UNDECLARED_SELECTOR = YES;
				GCC_WARN_UNINITIALIZED_AUTOS = YES_AGGRESSIVE;
				GCC_WARN_UNUSED_FUNCTION = YES;
				GCC_WARN_UNUSED_VARIABLE = YES;
				IPHONEOS_DEPLOYMENT_TARGET = 7.1;
				SDKROOT = iphoneos;
				VALIDATE_PRODUCT = YES;
			};
			name = Release;
		};
		924ED2BE1918D8140023433F /* Debug */ = {
			isa = XCBuildConfiguration;
			baseConfigurationReference = FFF4BEB2B62C46A89E5963AF /* Pods.xcconfig */;
			buildSettings = {
				ASSETCATALOG_COMPILER_APPICON_NAME = AppIcon;
				ASSETCATALOG_COMPILER_LAUNCHIMAGE_NAME = LaunchImage;
				GCC_PRECOMPILE_PREFIX_HEADER = YES;
				GCC_PREFIX_HEADER = "RKXMLDictionarySerializationDemo/Source/RKXMLDictionarySerializationDemo-Prefix.pch";
				INFOPLIST_FILE = "$(SRCROOT)/RKXMLDictionarySerializationDemo/Resources/RKXMLDictionarySerializationDemo-Info.plist";
				PRODUCT_NAME = "$(TARGET_NAME)";
				WRAPPER_EXTENSION = app;
			};
			name = Debug;
		};
		924ED2BF1918D8140023433F /* Release */ = {
			isa = XCBuildConfiguration;
			baseConfigurationReference = FFF4BEB2B62C46A89E5963AF /* Pods.xcconfig */;
			buildSettings = {
				ASSETCATALOG_COMPILER_APPICON_NAME = AppIcon;
				ASSETCATALOG_COMPILER_LAUNCHIMAGE_NAME = LaunchImage;
				GCC_PRECOMPILE_PREFIX_HEADER = YES;
				GCC_PREFIX_HEADER = "RKXMLDictionarySerializationDemo/Source/RKXMLDictionarySerializationDemo-Prefix.pch";
				INFOPLIST_FILE = "$(SRCROOT)/RKXMLDictionarySerializationDemo/Resources/RKXMLDictionarySerializationDemo-Info.plist";
				PRODUCT_NAME = "$(TARGET_NAME)";
				WRAPPER_EXTENSION = app;
			};
			name = Release;
		};
		924ED2C11918D8140023433F /* Debug */ = {
			isa = XCBuildConfiguration;
			buildSettings = {
				BUNDLE_LOADER = "$(BUILT_PRODUCTS_DIR)/RKXMLDictionarySerializationDemo.app/RKXMLDictionarySerializationDemo";
				FRAMEWORK_SEARCH_PATHS = (
					"$(SDKROOT)/Developer/Library/Frameworks",
					"$(inherited)",
					"$(DEVELOPER_FRAMEWORKS_DIR)",
				);
				GCC_PRECOMPILE_PREFIX_HEADER = YES;
				GCC_PREFIX_HEADER = "RKXMLDictionarySerializationDemo/RKXMLDictionarySerializationDemo-Prefix.pch";
				GCC_PREPROCESSOR_DEFINITIONS = (
					"DEBUG=1",
					"$(inherited)",
				);
				INFOPLIST_FILE = "RKXMLDictionarySerializationDemoTests/RKXMLDictionarySerializationDemoTests-Info.plist";
				PRODUCT_NAME = "$(TARGET_NAME)";
				TEST_HOST = "$(BUNDLE_LOADER)";
				WRAPPER_EXTENSION = xctest;
			};
			name = Debug;
		};
		924ED2C21918D8140023433F /* Release */ = {
			isa = XCBuildConfiguration;
			buildSettings = {
				BUNDLE_LOADER = "$(BUILT_PRODUCTS_DIR)/RKXMLDictionarySerializationDemo.app/RKXMLDictionarySerializationDemo";
				FRAMEWORK_SEARCH_PATHS = (
					"$(SDKROOT)/Developer/Library/Frameworks",
					"$(inherited)",
					"$(DEVELOPER_FRAMEWORKS_DIR)",
				);
				GCC_PRECOMPILE_PREFIX_HEADER = YES;
				GCC_PREFIX_HEADER = "RKXMLDictionarySerializationDemo/RKXMLDictionarySerializationDemo-Prefix.pch";
				INFOPLIST_FILE = "RKXMLDictionarySerializationDemoTests/RKXMLDictionarySerializationDemoTests-Info.plist";
				PRODUCT_NAME = "$(TARGET_NAME)";
				TEST_HOST = "$(BUNDLE_LOADER)";
				WRAPPER_EXTENSION = xctest;
			};
			name = Release;
		};
/* End XCBuildConfiguration section */

/* Begin XCConfigurationList section */
		924ED28C1918D8140023433F /* Build configuration list for PBXProject "RKXMLDictionarySerializationDemo" */ = {
			isa = XCConfigurationList;
			buildConfigurations = (
				924ED2BB1918D8140023433F /* Debug */,
				924ED2BC1918D8140023433F /* Release */,
			);
			defaultConfigurationIsVisible = 0;
			defaultConfigurationName = Release;
		};
		924ED2BD1918D8140023433F /* Build configuration list for PBXNativeTarget "RKXMLDictionarySerializationDemo" */ = {
			isa = XCConfigurationList;
			buildConfigurations = (
				924ED2BE1918D8140023433F /* Debug */,
				924ED2BF1918D8140023433F /* Release */,
			);
			defaultConfigurationIsVisible = 0;
			defaultConfigurationName = Release;
		};
		924ED2C01918D8140023433F /* Build configuration list for PBXNativeTarget "RKXMLDictionarySerializationDemoTests" */ = {
			isa = XCConfigurationList;
			buildConfigurations = (
				924ED2C11918D8140023433F /* Debug */,
				924ED2C21918D8140023433F /* Release */,
			);
			defaultConfigurationIsVisible = 0;
			defaultConfigurationName = Release;
		};
/* End XCConfigurationList section */
	};
	rootObject = 924ED2891918D8140023433F /* Project object */;
}
